
Microsoft Visual Studio Solution File, Format Version 12.00
# Visual Studio Version 17
VisualStudioVersion = 17.0.31903.59
MinimumVisualStudioVersion = 10.0.40219.1
Project("{FAE04EC0-301F-11D3-BF4B-00C04F79EFBC}") = "Curotec.ProductApi.Api", "Curotec.ProductApi.Api\Curotec.ProductApi.Api.csproj", "{8ABE25A9-4E47-4FF2-BC6B-0BDEEB2FBFA5}"
EndProject
Project("{FAE04EC0-301F-11D3-BF4B-00C04F79EFBC}") = "Curotec.ProductApi.Application", "Curotec.ProductApi.Application\Curotec.ProductApi.Application.csproj", "{9E8519C1-9D19-4BAC-94D8-3919CA2AA212}"
EndProject
Project("{FAE04EC0-301F-11D3-BF4B-00C04F79EFBC}") = "Curotec.ProductApi.Domain", "Curotec.ProductApi.Domain\Curotec.ProductApi.Domain.csproj", "{C00D308F-FB32-46F9-81DA-14654E6B0A4C}"
EndProject
Project("{FAE04EC0-301F-11D3-BF4B-00C04F79EFBC}") = "Curotec.ProductApi.Infrastructure", "Curotec.ProductApi.Infrastructure\Curotec.ProductApi.Infrastructure.csproj", "{CAE745E2-62C5-4E4B-AD10-44C551483A86}"
EndProject
Project("{FAE04EC0-301F-11D3-BF4B-00C04F79EFBC}") = "Curotec.ProductApi.Tests", "Curotec.ProductApi.Tests\Curotec.ProductApi.Tests.csproj", "{C7F9167F-3FB5-48C2-8F1F-18819F63E8A2}"
EndProject
Project("{2150E333-8FDC-42A3-9474-1A3956D46DE8}") = "Solution Items", "Solution Items", "{8EC462FD-D22E-90A8-E5CE-7E832BA40C5D}"
	ProjectSection(SolutionItems) = preProject
		docker-compose.yml = docker-compose.yml
	EndProjectSection
EndProject
Global
	GlobalSection(SolutionConfigurationPlatforms) = preSolution
		Debug|Any CPU = Debug|Any CPU
		Debug|x64 = Debug|x64
		Debug|x86 = Debug|x86
		Release|Any CPU = Release|Any CPU
		Release|x64 = Release|x64
		Release|x86 = Release|x86
	EndGlobalSection
	GlobalSection(ProjectConfigurationPlatforms) = postSolution
		{8ABE25A9-4E47-4FF2-BC6B-0BDEEB2FBFA5}.Debug|Any CPU.ActiveCfg = Debug|Any CPU
		{8ABE25A9-4E47-4FF2-BC6B-0BDEEB2FBFA5}.Debug|Any CPU.Build.0 = Debug|Any CPU
		{8ABE25A9-4E47-4FF2-BC6B-0BDEEB2FBFA5}.Debug|x64.ActiveCfg = Debug|Any CPU
		{8ABE25A9-4E47-4FF2-BC6B-0BDEEB2FBFA5}.Debug|x64.Build.0 = Debug|Any CPU
		{8ABE25A9-4E47-4FF2-BC6B-0BDEEB2FBFA5}.Debug|x86.ActiveCfg = Debug|Any CPU
		{8ABE25A9-4E47-4FF2-BC6B-0BDEEB2FBFA5}.Debug|x86.Build.0 = Debug|Any CPU
		{8ABE25A9-4E47-4FF2-BC6B-0BDEEB2FBFA5}.Release|Any CPU.ActiveCfg = Release|Any CPU
		{8ABE25A9-4E47-4FF2-BC6B-0BDEEB2FBFA5}.Release|Any CPU.Build.0 = Release|Any CPU
		{8ABE25A9-4E47-4FF2-BC6B-0BDEEB2FBFA5}.Release|x64.ActiveCfg = Release|Any CPU
		{8ABE25A9-4E47-4FF2-BC6B-0BDEEB2FBFA5}.Release|x64.Build.0 = Release|Any CPU
		{8ABE25A9-4E47-4FF2-BC6B-0BDEEB2FBFA5}.Release|x86.ActiveCfg = Release|Any CPU
		{8ABE25A9-4E47-4FF2-BC6B-0BDEEB2FBFA5}.Release|x86.Build.0 = Release|Any CPU
		{9E8519C1-9D19-4BAC-94D8-3919CA2AA212}.Debug|Any CPU.ActiveCfg = Debug|Any CPU
		{9E8519C1-9D19-4BAC-94D8-3919CA2AA212}.Debug|Any CPU.Build.0 = Debug|Any CPU
		{9E8519C1-9D19-4BAC-94D8-3919CA2AA212}.Debug|x64.ActiveCfg = Debug|Any CPU
		{9E8519C1-9D19-4BAC-94D8-3919CA2AA212}.Debug|x64.Build.0 = Debug|Any CPU
		{9E8519C1-9D19-4BAC-94D8-3919CA2AA212}.Debug|x86.ActiveCfg = Debug|Any CPU
		{9E8519C1-9D19-4BAC-94D8-3919CA2AA212}.Debug|x86.Build.0 = Debug|Any CPU
		{9E8519C1-9D19-4BAC-94D8-3919CA2AA212}.Release|Any CPU.ActiveCfg = Release|Any CPU
		{9E8519C1-9D19-4BAC-94D8-3919CA2AA212}.Release|Any CPU.Build.0 = Release|Any CPU
		{9E8519C1-9D19-4BAC-94D8-3919CA2AA212}.Release|x64.ActiveCfg = Release|Any CPU
		{9E8519C1-9D19-4BAC-94D8-3919CA2AA212}.Release|x64.Build.0 = Release|Any CPU
		{9E8519C1-9D19-4BAC-94D8-3919CA2AA212}.Release|x86.ActiveCfg = Release|Any CPU
		{9E8519C1-9D19-4BAC-94D8-3919CA2AA212}.Release|x86.Build.0 = Release|Any CPU
		{C00D308F-FB32-46F9-81DA-14654E6B0A4C}.Debug|Any CPU.ActiveCfg = Debug|Any CPU
		{C00D308F-FB32-46F9-81DA-14654E6B0A4C}.Debug|Any CPU.Build.0 = Debug|Any CPU
		{C00D308F-FB32-46F9-81DA-14654E6B0A4C}.Debug|x64.ActiveCfg = Debug|Any CPU
		{C00D308F-FB32-46F9-81DA-14654E6B0A4C}.Debug|x64.Build.0 = Debug|Any CPU
		{C00D308F-FB32-46F9-81DA-14654E6B0A4C}.Debug|x86.ActiveCfg = Debug|Any CPU
		{C00D308F-FB32-46F9-81DA-14654E6B0A4C}.Debug|x86.Build.0 = Debug|Any CPU
		{C00D308F-FB32-46F9-81DA-14654E6B0A4C}.Release|Any CPU.ActiveCfg = Release|Any CPU
		{C00D308F-FB32-46F9-81DA-14654E6B0A4C}.Release|Any CPU.Build.0 = Release|Any CPU
		{C00D308F-FB32-46F9-81DA-14654E6B0A4C}.Release|x64.ActiveCfg = Release|Any CPU
		{C00D308F-FB32-46F9-81DA-14654E6B0A4C}.Release|x64.Build.0 = Release|Any CPU
		{C00D308F-FB32-46F9-81DA-14654E6B0A4C}.Release|x86.ActiveCfg = Release|Any CPU
		{C00D308F-FB32-46F9-81DA-14654E6B0A4C}.Release|x86.Build.0 = Release|Any CPU
		{CAE745E2-62C5-4E4B-AD10-44C551483A86}.Debug|Any CPU.ActiveCfg = Debug|Any CPU
		{CAE745E2-62C5-4E4B-AD10-44C551483A86}.Debug|Any CPU.Build.0 = Debug|Any CPU
		{CAE745E2-62C5-4E4B-AD10-44C551483A86}.Debug|x64.ActiveCfg = Debug|Any CPU
		{CAE745E2-62C5-4E4B-AD10-44C551483A86}.Debug|x64.Build.0 = Debug|Any CPU
		{CAE745E2-62C5-4E4B-AD10-44C551483A86}.Debug|x86.ActiveCfg = Debug|Any CPU
		{CAE745E2-62C5-4E4B-AD10-44C551483A86}.Debug|x86.Build.0 = Debug|Any CPU
		{CAE745E2-62C5-4E4B-AD10-44C551483A86}.Release|Any CPU.ActiveCfg = Release|Any CPU
		{CAE745E2-62C5-4E4B-AD10-44C551483A86}.Release|Any CPU.Build.0 = Release|Any CPU
		{CAE745E2-62C5-4E4B-AD10-44C551483A86}.Release|x64.ActiveCfg = Release|Any CPU
		{CAE745E2-62C5-4E4B-AD10-44C551483A86}.Release|x64.Build.0 = Release|Any CPU
		{CAE745E2-62C5-4E4B-AD10-44C551483A86}.Release|x86.ActiveCfg = Release|Any CPU
		{CAE745E2-62C5-4E4B-AD10-44C551483A86}.Release|x86.Build.0 = Release|Any CPU
		{C7F9167F-3FB5-48C2-8F1F-18819F63E8A2}.Debug|Any CPU.ActiveCfg = Debug|Any CPU
		{C7F9167F-3FB5-48C2-8F1F-18819F63E8A2}.Debug|Any CPU.Build.0 = Debug|Any CPU
		{C7F9167F-3FB5-48C2-8F1F-18819F63E8A2}.Debug|x64.ActiveCfg = Debug|Any CPU
		{C7F9167F-3FB5-48C2-8F1F-18819F63E8A2}.Debug|x64.Build.0 = Debug|Any CPU
		{C7F9167F-3FB5-48C2-8F1F-18819F63E8A2}.Debug|x86.ActiveCfg = Debug|Any CPU
		{C7F9167F-3FB5-48C2-8F1F-18819F63E8A2}.Debug|x86.Build.0 = Debug|Any CPU
		{C7F9167F-3FB5-48C2-8F1F-18819F63E8A2}.Release|Any CPU.ActiveCfg = Release|Any CPU
		{C7F9167F-3FB5-48C2-8F1F-18819F63E8A2}.Release|Any CPU.Build.0 = Release|Any CPU
		{C7F9167F-3FB5-48C2-8F1F-18819F63E8A2}.Release|x64.ActiveCfg = Release|Any CPU
		{C7F9167F-3FB5-48C2-8F1F-18819F63E8A2}.Release|x64.Build.0 = Release|Any CPU
		{C7F9167F-3FB5-48C2-8F1F-18819F63E8A2}.Release|x86.ActiveCfg = Release|Any CPU
		{C7F9167F-3FB5-48C2-8F1F-18819F63E8A2}.Release|x86.Build.0 = Release|Any CPU
	EndGlobalSection
	GlobalSection(SolutionProperties) = preSolution
		HideSolutionNode = FALSE
	EndGlobalSection
	GlobalSection(ExtensibilityGlobals) = postSolution
		SolutionGuid = {688FA0FA-4E50-4C4E-B2C4-7D1567B31DF4}
	EndGlobalSection
EndGlobal
